// !$*UTF8*$!
{
	archiveVersion = 1;
	classes = {
	};
	objectVersion = 50;
	objects = {

/* Begin PBXBuildFile section */
		68BCD91926C24A1500BF7283 /* AppDelegate.m in Sources */ = {isa = PBXBuildFile; fileRef = 68BCD91826C24A1500BF7283 /* AppDelegate.m */; };
		68BCD91C26C24A1500BF7283 /* SceneDelegate.m in Sources */ = {isa = PBXBuildFile; fileRef = 68BCD91B26C24A1500BF7283 /* SceneDelegate.m */; };
		68BCD91F26C24A1500BF7283 /* ViewController.m in Sources */ = {isa = PBXBuildFile; fileRef = 68BCD91E26C24A1500BF7283 /* ViewController.m */; };
		68BCD92226C24A1500BF7283 /* Main.storyboard in Resources */ = {isa = PBXBuildFile; fileRef = 68BCD92026C24A1500BF7283 /* Main.storyboard */; };
		68BCD92426C24A1700BF7283 /* Assets.xcassets in Resources */ = {isa = PBXBuildFile; fileRef = 68BCD92326C24A1700BF7283 /* Assets.xcassets */; };
		68BCD92726C24A1700BF7283 /* LaunchScreen.storyboard in Resources */ = {isa = PBXBuildFile; fileRef = 68BCD92526C24A1700BF7283 /* LaunchScreen.storyboard */; };
		68BCD92A26C24A1700BF7283 /* main.m in Sources */ = {isa = PBXBuildFile; fileRef = 68BCD92926C24A1700BF7283 /* main.m */; };
/* End PBXBuildFile section */

/* Begin PBXFileReference section */
		68BCD91426C24A1500BF7283 /* FunctionList_Objc.app */ = {isa = PBXFileReference; explicitFileType = wrapper.application; includeInIndex = 0; path = FunctionList_Objc.app; sourceTree = BUILT_PRODUCTS_DIR; };
		68BCD91726C24A1500BF7283 /* AppDelegate.h */ = {isa = PBXFileReference; lastKnownFileType = sourcecode.c.h; path = AppDelegate.h; sourceTree = "<group>"; };
		68BCD91826C24A1500BF7283 /* AppDelegate.m */ = {isa = PBXFileReference; lastKnownFileType = sourcecode.c.objc; path = AppDelegate.m; sourceTree = "<group>"; };
		68BCD91A26C24A1500BF7283 /* SceneDelegate.h */ = {isa = PBXFileReference; lastKnownFileType = sourcecode.c.h; path = SceneDelegate.h; sourceTree = "<group>"; };
		68BCD91B26C24A1500BF7283 /* SceneDelegate.m */ = {isa = PBXFileReference; lastKnownFileType = sourcecode.c.objc; path = SceneDelegate.m; sourceTree = "<group>"; };
		68BCD91D26C24A1500BF7283 /* ViewController.h */ = {isa = PBXFileReference; lastKnownFileType = sourcecode.c.h; path = ViewController.h; sourceTree = "<group>"; };
		68BCD91E26C24A1500BF7283 /* ViewController.m */ = {isa = PBXFileReference; lastKnownFileType = sourcecode.c.objc; path = ViewController.m; sourceTree = "<group>"; };
		68BCD92126C24A1500BF7283 /* Base */ = {isa = PBXFileReference; lastKnownFileType = file.storyboard; name = Base; path = Base.lproj/Main.storyboard; sourceTree = "<group>"; };
		68BCD92326C24A1700BF7283 /* Assets.xcassets */ = {isa = PBXFileReference; lastKnownFileType = folder.assetcatalog; path = Assets.xcassets; sourceTree = "<group>"; };
		68BCD92626C24A1700BF7283 /* Base */ = {isa = PBXFileReference; lastKnownFileType = file.storyboard; name = Base; path = Base.lproj/LaunchScreen.storyboard; sourceTree = "<group>"; };
		68BCD92826C24A1700BF7283 /* Info.plist */ = {isa = PBXFileReference; lastKnownFileType = text.plist.xml; path = Info.plist; sourceTree = "<group>"; };
		68BCD92926C24A1700BF7283 /* main.m */ = {isa = PBXFileReference; lastKnownFileType = sourcecode.c.objc; path = main.m; sourceTree = "<group>"; };
/* End PBXFileReference section */

/* Begin PBXFrameworksBuildPhase section */
		68BCD91126C24A1500BF7283 /* Frameworks */ = {
			isa = PBXFrameworksBuildPhase;
			buildActionMask = 2147483647;
			files = (
			);
			runOnlyForDeploymentPostprocessing = 0;
		};
/* End PBXFrameworksBuildPhase section */

/* Begin PBXGroup section */
		68BCD90B26C24A1500BF7283 = {
			isa = PBXGroup;
			children = (
				68BCD91626C24A1500BF7283 /* FunctionList_Objc */,
				68BCD91526C24A1500BF7283 /* Products */,
			);
			sourceTree = "<group>";
		};
		68BCD91526C24A1500BF7283 /* Products */ = {
			isa = PBXGroup;
			children = (
				68BCD91426C24A1500BF7283 /* FunctionList_Objc.app */,
			);
			name = Products;
			sourceTree = "<group>";
		};
		68BCD91626C24A1500BF7283 /* FunctionList_Objc */ = {
			isa = PBXGroup;
			children = (
				68BCD91726C24A1500BF7283 /* AppDelegate.h */,
				68BCD91826C24A1500BF7283 /* AppDelegate.m */,
				68BCD91A26C24A1500BF7283 /* SceneDelegate.h */,
				68BCD91B26C24A1500BF7283 /* SceneDelegate.m */,
				68BCD91D26C24A1500BF7283 /* ViewController.h */,
				68BCD91E26C24A1500BF7283 /* ViewController.m */,
				68BCD92026C24A1500BF7283 /* Main.storyboard */,
				68BCD92326C24A1700BF7283 /* Assets.xcassets */,
				68BCD92526C24A1700BF7283 /* LaunchScreen.storyboard */,
				68BCD92826C24A1700BF7283 /* Info.plist */,
				68BCD92926C24A1700BF7283 /* main.m */,
			);
			path = FunctionList_Objc;
			sourceTree = "<group>";
		};
/* End PBXGroup section */

/* Begin PBXNativeTarget section */
		68BCD91326C24A1500BF7283 /* FunctionList_Objc */ = {
			isa = PBXNativeTarget;
			buildConfigurationList = 68BCD92D26C24A1700BF7283 /* Build configuration list for PBXNativeTarget "FunctionList_Objc" */;
			buildPhases = (
				68BCD91026C24A1500BF7283 /* Sources */,
				68BCD91126C24A1500BF7283 /* Frameworks */,
				68BCD91226C24A1500BF7283 /* Resources */,
			);
			buildRules = (
			);
			dependencies = (
			);
			name = FunctionList_Objc;
			productName = FunctionList_Objc;
			productReference = 68BCD91426C24A1500BF7283 /* FunctionList_Objc.app */;
			productType = "com.apple.product-type.application";
		};
/* End PBXNativeTarget section */

/* Begin PBXProject section */
		68BCD90C26C24A1500BF7283 /* Project object */ = {
			isa = PBXProject;
			attributes = {
				LastUpgradeCheck = 1250;
				TargetAttributes = {
					68BCD91326C24A1500BF7283 = {
						CreatedOnToolsVersion = 12.5.1;
					};
				};
			};
			buildConfigurationList = 68BCD90F26C24A1500BF7283 /* Build configuration list for PBXProject "FunctionList_Objc" */;
			compatibilityVersion = "Xcode 9.3";
			developmentRegion = en;
			hasScannedForEncodings = 0;
			knownRegions = (
				en,
				Base,
			);
			mainGroup = 68BCD90B26C24A1500BF7283;
			productRefGroup = 68BCD91526C24A1500BF7283 /* Products */;
			projectDirPath = "";
			projectRoot = "";
			targets = (
				68BCD91326C24A1500BF7283 /* FunctionList_Objc */,
			);
		};
/* End PBXProject section */

/* Begin PBXResourcesBuildPhase section */
		68BCD91226C24A1500BF7283 /* Resources */ = {
			isa = PBXResourcesBuildPhase;
			buildActionMask = 2147483647;
			files = (
				68BCD92726C24A1700BF7283 /* LaunchScreen.storyboard in Resources */,
				68BCD92426C24A1700BF7283 /* Assets.xcassets in Resources */,
				68BCD92226C24A1500BF7283 /* Main.storyboard in Resources */,
			);
			runOnlyForDeploymentPostprocessing = 0;
		};
/* End PBXResourcesBuildPhase section */

/* Begin PBXSourcesBuildPhase section */
		68BCD91026C24A1500BF7283 /* Sources */ = {
			isa = PBXSourcesBuildPhase;
			buildActionMask = 2147483647;
			files = (
				68BCD91F26C24A1500BF7283 /* ViewController.m in Sources */,
				68BCD91926C24A1500BF7283 /* AppDelegate.m in Sources */,
				68BCD92A26C24A1700BF7283 /* main.m in Sources */,
				68BCD91C26C24A1500BF7283 /* SceneDelegate.m in Sources */,
			);
			runOnlyForDeploymentPostprocessing = 0;
		};
/* End PBXSourcesBuildPhase section */

/* Begin PBXVariantGroup section */
		68BCD92026C24A1500BF7283 /* Main.storyboard */ = {
			isa = PBXVariantGroup;
			children = (
				68BCD92126C24A1500BF7283 /* Base */,
			);
			name = Main.storyboard;
			sourceTree = "<group>";
		};
		68BCD92526C24A1700BF7283 /* LaunchScreen.storyboard */ = {
			isa = PBXVariantGroup;
			children = (
				68BCD92626C24A1700BF7283 /* Base */,
			);
			name = LaunchScreen.storyboard;
			sourceTree = "<group>";
		};
/* End PBXVariantGroup section */

/* Begin XCBuildConfiguration section */
		68BCD92B26C24A1700BF7283 /* Debug */ = {
			isa = XCBuildConfiguration;
			buildSettings = {
				ALWAYS_SEARCH_USER_PATHS = NO;
				CLANG_ANALYZER_NONNULL = YES;
				CLANG_ANALYZER_NUMBER_OBJECT_CONVERSION = YES_AGGRESSIVE;
				CLANG_CXX_LANGUAGE_STANDARD = "gnu++14";
				CLANG_CXX_LIBRARY = "libc++";
				CLANG_ENABLE_MODULES = YES;
				CLANG_ENABLE_OBJC_ARC = YES;
				CLANG_ENABLE_OBJC_WEAK = YES;
				CLANG_WARN_BLOCK_CAPTURE_AUTORELEASING = YES;
				CLANG_WARN_BOOL_CONVERSION = YES;
				CLANG_WARN_COMMA = YES;
				CLANG_WARN_CONSTANT_CONVERSION = YES;
				CLANG_WARN_DEPRECATED_OBJC_IMPLEMENTATIONS = YES;
				CLANG_WARN_DIRECT_OBJC_ISA_USAGE = YES_ERROR;
				CLANG_WARN_DOCUMENTATION_COMMENTS = YES;
				CLANG_WARN_EMPTY_BODY = YES;
				CLANG_WARN_ENUM_CONVERSION = YES;
				CLANG_WARN_INFINITE_RECURSION = YES;
				CLANG_WARN_INT_CONVERSION = YES;
				CLANG_WARN_NON_LITERAL_NULL_CONVERSION = YES;
				CLANG_WARN_OBJC_IMPLICIT_RETAIN_SELF = YES;
				CLANG_WARN_OBJC_LITERAL_CONVERSION = YES;
				CLANG_WARN_OBJC_ROOT_CLASS = YES_ERROR;
				CLANG_WARN_QUOTED_INCLUDE_IN_FRAMEWORK_HEADER = YES;
				CLANG_WARN_RANGE_LOOP_ANALYSIS = YES;
				CLANG_WARN_STRICT_PROTOTYPES = YES;
				CLANG_WARN_SUSPICIOUS_MOVE = YES;
				CLANG_WARN_UNGUARDED_AVAILABILITY = YES_AGGRESSIVE;
				CLANG_WARN_UNREACHABLE_CODE = YES;
				CLANG_WARN__DUPLICATE_METHOD_MATCH = YES;
				COPY_PHASE_STRIP = NO;
				DEBUG_INFORMATION_FORMAT = dwarf;
				ENABLE_STRICT_OBJC_MSGSEND = YES;
				ENABLE_TESTABILITY = YES;
				GCC_C_LANGUAGE_STANDARD = gnu11;
				GCC_DYNAMIC_NO_PIC = NO;
				GCC_NO_COMMON_BLOCKS = YES;
				GCC_OPTIMIZATION_LEVEL = 0;
				GCC_PREPROCESSOR_DEFINITIONS = (
					"DEBUG=1",
					"$(inherited)",
				);
				GCC_WARN_64_TO_32_BIT_CONVERSION = YES;
				GCC_WARN_ABOUT_RETURN_TYPE = YES_ERROR;
				GCC_WARN_UNDECLARED_SELECTOR = YES;
				GCC_WARN_UNINITIALIZED_AUTOS = YES_AGGRESSIVE;
				GCC_WARN_UNUSED_FUNCTION = YES;
				GCC_WARN_UNUSED_VARIABLE = YES;
				IPHONEOS_DEPLOYMENT_TARGET = 14.5;
				MTL_ENABLE_DEBUG_INFO = INCLUDE_SOURCE;
				MTL_FAST_MATH = YES;
				ONLY_ACTIVE_ARCH = YES;
				SDKROOT = iphoneos;
			};
			name = Debug;
		};
		68BCD92C26C24A1700BF7283 /* Release */ = {
			isa = XCBuildConfiguration;
			buildSettings = {
				ALWAYS_SEARCH_USER_PATHS = NO;
				CLANG_ANALYZER_NONNULL = YES;
				CLANG_ANALYZER_NUMBER_OBJECT_CONVERSION = YES_AGGRESSIVE;
				CLANG_CXX_LANGUAGE_STANDARD = "gnu++14";
				CLANG_CXX_LIBRARY = "libc++";
				CLANG_ENABLE_MODULES = YES;
				CLANG_ENABLE_OBJC_ARC = YES;
				CLANG_ENABLE_OBJC_WEAK = YES;
				CLANG_WARN_BLOCK_CAPTURE_AUTORELEASING = YES;
				CLANG_WARN_BOOL_CONVERSION = YES;
				CLANG_WARN_COMMA = YES;
				CLANG_WARN_CONSTANT_CONVERSION = YES;
				CLANG_WARN_DEPRECATED_OBJC_IMPLEMENTATIONS = YES;
				CLANG_WARN_DIRECT_OBJC_ISA_USAGE = YES_ERROR;
				CLANG_WARN_DOCUMENTATION_COMMENTS = YES;
				CLANG_WARN_EMPTY_BODY = YES;
				CLANG_WARN_ENUM_CONVERSION = YES;
				CLANG_WARN_INFINITE_RECURSION = YES;
				CLANG_WARN_INT_CONVERSION = YES;
				CLANG_WARN_NON_LITERAL_NULL_CONVERSION = YES;
				CLANG_WARN_OBJC_IMPLICIT_RETAIN_SELF = YES;
				CLANG_WARN_OBJC_LITERAL_CONVERSION = YES;
				CLANG_WARN_OBJC_ROOT_CLASS = YES_ERROR;
				CLANG_WARN_QUOTED_INCLUDE_IN_FRAMEWORK_HEADER = YES;
				CLANG_WARN_RANGE_LOOP_ANALYSIS = YES;
				CLANG_WARN_STRICT_PROTOTYPES = YES;
				CLANG_WARN_SUSPICIOUS_MOVE = YES;
				CLANG_WARN_UNGUARDED_AVAILABILITY = YES_AGGRESSIVE;
				CLANG_WARN_UNREACHABLE_CODE = YES;
				CLANG_WARN__DUPLICATE_METHOD_MATCH = YES;
				COPY_PHASE_STRIP = NO;
				DEBUG_INFORMATION_FORMAT = "dwarf-with-dsym";
				ENABLE_NS_ASSERTIONS = NO;
				ENABLE_STRICT_OBJC_MSGSEND = YES;
				GCC_C_LANGUAGE_STANDARD = gnu11;
				GCC_NO_COMMON_BLOCKS = YES;
				GCC_WARN_64_TO_32_BIT_CONVERSION = YES;
				GCC_WARN_ABOUT_RETURN_TYPE = YES_ERROR;
				GCC_WARN_UNDECLARED_SELECTOR = YES;
				GCC_WARN_UNINITIALIZED_AUTOS = YES_AGGRESSIVE;
				GCC_WARN_UNUSED_FUNCTION = YES;
				GCC_WARN_UNUSED_VARIABLE = YES;
				IPHONEOS_DEPLOYMENT_TARGET = 14.5;
				MTL_ENABLE_DEBUG_INFO = NO;
				MTL_FAST_MATH = YES;
				SDKROOT = iphoneos;
				VALIDATE_PRODUCT = YES;
			};
			name = Release;
		};
		68BCD92E26C24A1700BF7283 /* Debug */ = {
			isa = XCBuildConfiguration;
			buildSettings = {
				ASSETCATALOG_COMPILER_APPICON_NAME = AppIcon;
				ASSETCATALOG_COMPILER_GLOBAL_ACCENT_COLOR_NAME = AccentColor;
				CODE_SIGN_STYLE = Automatic;
				DEVELOPMENT_TEAM = W832C4SNYD;
				INFOPLIST_FILE = FunctionList_Objc/Info.plist;
				LD_RUNPATH_SEARCH_PATHS = (
					"$(inherited)",
					"@executable_path/Frameworks",
				);
				PRODUCT_BUNDLE_IDENTIFIER = "leeyeon2.FunctionList-Objc";
				PRODUCT_NAME = "$(TARGET_NAME)";
				TARGETED_DEVICE_FAMILY = "1,2";
			};
			name = Debug;
		};
		68BCD92F26C24A1700BF7283 /* Release */ = {
			isa = XCBuildConfiguration;
			buildSettings = {
				ASSETCATALOG_COMPILER_APPICON_NAME = AppIcon;
				ASSETCATALOG_COMPILER_GLOBAL_ACCENT_COLOR_NAME = AccentColor;
				CODE_SIGN_STYLE = Automatic;
				DEVELOPMENT_TEAM = W832C4SNYD;
				INFOPLIST_FILE = FunctionList_Objc/Info.plist;
				LD_RUNPATH_SEARCH_PATHS = (
					"$(inherited)",
					"@executable_path/Frameworks",
				);
				PRODUCT_BUNDLE_IDENTIFIER = "leeyeon2.FunctionList-Objc";
				PRODUCT_NAME = "$(TARGET_NAME)";
				TARGETED_DEVICE_FAMILY = "1,2";
			};
			name = Release;
		};
/* End XCBuildConfiguration section */

/* Begin XCConfigurationList section */
		68BCD90F26C24A1500BF7283 /* Build configuration list for PBXProject "FunctionList_Objc" */ = {
			isa = XCConfigurationList;
			buildConfigurations = (
				68BCD92B26C24A1700BF7283 /* Debug */,
				68BCD92C26C24A1700BF7283 /* Release */,
			);
			defaultConfigurationIsVisible = 0;
			defaultConfigurationName = Release;
		};
		68BCD92D26C24A1700BF7283 /* Build configuration list for PBXNativeTarget "FunctionList_Objc" */ = {
			isa = XCConfigurationList;
			buildConfigurations = (
				68BCD92E26C24A1700BF7283 /* Debug */,
				68BCD92F26C24A1700BF7283 /* Release */,
			);
			defaultConfigurationIsVisible = 0;
			defaultConfigurationName = Release;
		};
/* End XCConfigurationList section */
	};
	rootObject = 68BCD90C26C24A1500BF7283 /* Project object */;
}
