// !$*UTF8*$!
{
	archiveVersion = 1;
	classes = {
	};
	objectVersion = 50;
	objects = {

/* Begin PBXBuildFile section */
		68ADEFBB26B7BA05001EAEE0 /* AppDelegate.m in Sources */ = {isa = PBXBuildFile; fileRef = 68ADEFBA26B7BA05001EAEE0 /* AppDelegate.m */; };
		68ADEFBE26B7BA05001EAEE0 /* SceneDelegate.m in Sources */ = {isa = PBXBuildFile; fileRef = 68ADEFBD26B7BA05001EAEE0 /* SceneDelegate.m */; };
		68ADEFC126B7BA05001EAEE0 /* ViewController.m in Sources */ = {isa = PBXBuildFile; fileRef = 68ADEFC026B7BA05001EAEE0 /* ViewController.m */; };
		68ADEFC426B7BA05001EAEE0 /* Main.storyboard in Resources */ = {isa = PBXBuildFile; fileRef = 68ADEFC226B7BA05001EAEE0 /* Main.storyboard */; };
		68ADEFC626B7BA08001EAEE0 /* Assets.xcassets in Resources */ = {isa = PBXBuildFile; fileRef = 68ADEFC526B7BA08001EAEE0 /* Assets.xcassets */; };
		68ADEFC926B7BA08001EAEE0 /* LaunchScreen.storyboard in Resources */ = {isa = PBXBuildFile; fileRef = 68ADEFC726B7BA08001EAEE0 /* LaunchScreen.storyboard */; };
		68ADEFCC26B7BA08001EAEE0 /* main.m in Sources */ = {isa = PBXBuildFile; fileRef = 68ADEFCB26B7BA08001EAEE0 /* main.m */; };
		68ADEFD626B7BBC1001EAEE0 /* NFCManager.m in Sources */ = {isa = PBXBuildFile; fileRef = 68ADEFD526B7BBC1001EAEE0 /* NFCManager.m */; };
/* End PBXBuildFile section */

/* Begin PBXFileReference section */
		68ADEFB626B7BA05001EAEE0 /* NFC_Obj.app */ = {isa = PBXFileReference; explicitFileType = wrapper.application; includeInIndex = 0; path = NFC_Obj.app; sourceTree = BUILT_PRODUCTS_DIR; };
		68ADEFB926B7BA05001EAEE0 /* AppDelegate.h */ = {isa = PBXFileReference; lastKnownFileType = sourcecode.c.h; path = AppDelegate.h; sourceTree = "<group>"; };
		68ADEFBA26B7BA05001EAEE0 /* AppDelegate.m */ = {isa = PBXFileReference; lastKnownFileType = sourcecode.c.objc; path = AppDelegate.m; sourceTree = "<group>"; };
		68ADEFBC26B7BA05001EAEE0 /* SceneDelegate.h */ = {isa = PBXFileReference; lastKnownFileType = sourcecode.c.h; path = SceneDelegate.h; sourceTree = "<group>"; };
		68ADEFBD26B7BA05001EAEE0 /* SceneDelegate.m */ = {isa = PBXFileReference; lastKnownFileType = sourcecode.c.objc; path = SceneDelegate.m; sourceTree = "<group>"; };
		68ADEFBF26B7BA05001EAEE0 /* ViewController.h */ = {isa = PBXFileReference; lastKnownFileType = sourcecode.c.h; path = ViewController.h; sourceTree = "<group>"; };
		68ADEFC026B7BA05001EAEE0 /* ViewController.m */ = {isa = PBXFileReference; lastKnownFileType = sourcecode.c.objc; path = ViewController.m; sourceTree = "<group>"; };
		68ADEFC326B7BA05001EAEE0 /* Base */ = {isa = PBXFileReference; lastKnownFileType = file.storyboard; name = Base; path = Base.lproj/Main.storyboard; sourceTree = "<group>"; };
		68ADEFC526B7BA08001EAEE0 /* Assets.xcassets */ = {isa = PBXFileReference; lastKnownFileType = folder.assetcatalog; path = Assets.xcassets; sourceTree = "<group>"; };
		68ADEFC826B7BA08001EAEE0 /* Base */ = {isa = PBXFileReference; lastKnownFileType = file.storyboard; name = Base; path = Base.lproj/LaunchScreen.storyboard; sourceTree = "<group>"; };
		68ADEFCA26B7BA08001EAEE0 /* Info.plist */ = {isa = PBXFileReference; lastKnownFileType = text.plist.xml; path = Info.plist; sourceTree = "<group>"; };
		68ADEFCB26B7BA08001EAEE0 /* main.m */ = {isa = PBXFileReference; lastKnownFileType = sourcecode.c.objc; path = main.m; sourceTree = "<group>"; };
		68ADEFD226B7BA96001EAEE0 /* NFC_Obj.entitlements */ = {isa = PBXFileReference; lastKnownFileType = text.plist.entitlements; path = NFC_Obj.entitlements; sourceTree = "<group>"; };
		68ADEFD426B7BBC1001EAEE0 /* NFCManager.h */ = {isa = PBXFileReference; lastKnownFileType = sourcecode.c.h; path = NFCManager.h; sourceTree = "<group>"; };
		68ADEFD526B7BBC1001EAEE0 /* NFCManager.m */ = {isa = PBXFileReference; lastKnownFileType = sourcecode.c.objc; path = NFCManager.m; sourceTree = "<group>"; };
/* End PBXFileReference section */

/* Begin PBXFrameworksBuildPhase section */
		68ADEFB326B7BA05001EAEE0 /* Frameworks */ = {
			isa = PBXFrameworksBuildPhase;
			buildActionMask = 2147483647;
			files = (
			);
			runOnlyForDeploymentPostprocessing = 0;
		};
/* End PBXFrameworksBuildPhase section */

/* Begin PBXGroup section */
		68ADEFAD26B7BA05001EAEE0 = {
			isa = PBXGroup;
			children = (
				68ADEFB826B7BA05001EAEE0 /* NFC_Obj */,
				68ADEFB726B7BA05001EAEE0 /* Products */,
			);
			sourceTree = "<group>";
		};
		68ADEFB726B7BA05001EAEE0 /* Products */ = {
			isa = PBXGroup;
			children = (
				68ADEFB626B7BA05001EAEE0 /* NFC_Obj.app */,
			);
			name = Products;
			sourceTree = "<group>";
		};
		68ADEFB826B7BA05001EAEE0 /* NFC_Obj */ = {
			isa = PBXGroup;
			children = (
				68ADEFD326B7BB92001EAEE0 /* NFCManager */,
				68ADEFD226B7BA96001EAEE0 /* NFC_Obj.entitlements */,
				68ADEFB926B7BA05001EAEE0 /* AppDelegate.h */,
				68ADEFBA26B7BA05001EAEE0 /* AppDelegate.m */,
				68ADEFBC26B7BA05001EAEE0 /* SceneDelegate.h */,
				68ADEFBD26B7BA05001EAEE0 /* SceneDelegate.m */,
				68ADEFBF26B7BA05001EAEE0 /* ViewController.h */,
				68ADEFC026B7BA05001EAEE0 /* ViewController.m */,
				68ADEFC226B7BA05001EAEE0 /* Main.storyboard */,
				68ADEFC526B7BA08001EAEE0 /* Assets.xcassets */,
				68ADEFC726B7BA08001EAEE0 /* LaunchScreen.storyboard */,
				68ADEFCA26B7BA08001EAEE0 /* Info.plist */,
				68ADEFCB26B7BA08001EAEE0 /* main.m */,
			);
			path = NFC_Obj;
			sourceTree = "<group>";
		};
		68ADEFD326B7BB92001EAEE0 /* NFCManager */ = {
			isa = PBXGroup;
			children = (
				68ADEFD426B7BBC1001EAEE0 /* NFCManager.h */,
				68ADEFD526B7BBC1001EAEE0 /* NFCManager.m */,
			);
			path = NFCManager;
			sourceTree = "<group>";
		};
/* End PBXGroup section */

/* Begin PBXNativeTarget section */
		68ADEFB526B7BA05001EAEE0 /* NFC_Obj */ = {
			isa = PBXNativeTarget;
			buildConfigurationList = 68ADEFCF26B7BA08001EAEE0 /* Build configuration list for PBXNativeTarget "NFC_Obj" */;
			buildPhases = (
				68ADEFB226B7BA05001EAEE0 /* Sources */,
				68ADEFB326B7BA05001EAEE0 /* Frameworks */,
				68ADEFB426B7BA05001EAEE0 /* Resources */,
			);
			buildRules = (
			);
			dependencies = (
			);
			name = NFC_Obj;
			productName = NFC_Obj;
			productReference = 68ADEFB626B7BA05001EAEE0 /* NFC_Obj.app */;
			productType = "com.apple.product-type.application";
		};
/* End PBXNativeTarget section */

/* Begin PBXProject section */
		68ADEFAE26B7BA05001EAEE0 /* Project object */ = {
			isa = PBXProject;
			attributes = {
				LastUpgradeCheck = 1250;
				TargetAttributes = {
					68ADEFB526B7BA05001EAEE0 = {
						CreatedOnToolsVersion = 12.5.1;
					};
				};
			};
			buildConfigurationList = 68ADEFB126B7BA05001EAEE0 /* Build configuration list for PBXProject "NFC_Obj" */;
			compatibilityVersion = "Xcode 9.3";
			developmentRegion = en;
			hasScannedForEncodings = 0;
			knownRegions = (
				en,
				Base,
			);
			mainGroup = 68ADEFAD26B7BA05001EAEE0;
			productRefGroup = 68ADEFB726B7BA05001EAEE0 /* Products */;
			projectDirPath = "";
			projectRoot = "";
			targets = (
				68ADEFB526B7BA05001EAEE0 /* NFC_Obj */,
			);
		};
/* End PBXProject section */

/* Begin PBXResourcesBuildPhase section */
		68ADEFB426B7BA05001EAEE0 /* Resources */ = {
			isa = PBXResourcesBuildPhase;
			buildActionMask = 2147483647;
			files = (
				68ADEFC926B7BA08001EAEE0 /* LaunchScreen.storyboard in Resources */,
				68ADEFC626B7BA08001EAEE0 /* Assets.xcassets in Resources */,
				68ADEFC426B7BA05001EAEE0 /* Main.storyboard in Resources */,
			);
			runOnlyForDeploymentPostprocessing = 0;
		};
/* End PBXResourcesBuildPhase section */

/* Begin PBXSourcesBuildPhase section */
		68ADEFB226B7BA05001EAEE0 /* Sources */ = {
			isa = PBXSourcesBuildPhase;
			buildActionMask = 2147483647;
			files = (
				68ADEFC126B7BA05001EAEE0 /* ViewController.m in Sources */,
				68ADEFBB26B7BA05001EAEE0 /* AppDelegate.m in Sources */,
				68ADEFD626B7BBC1001EAEE0 /* NFCManager.m in Sources */,
				68ADEFCC26B7BA08001EAEE0 /* main.m in Sources */,
				68ADEFBE26B7BA05001EAEE0 /* SceneDelegate.m in Sources */,
			);
			runOnlyForDeploymentPostprocessing = 0;
		};
/* End PBXSourcesBuildPhase section */

/* Begin PBXVariantGroup section */
		68ADEFC226B7BA05001EAEE0 /* Main.storyboard */ = {
			isa = PBXVariantGroup;
			children = (
				68ADEFC326B7BA05001EAEE0 /* Base */,
			);
			name = Main.storyboard;
			sourceTree = "<group>";
		};
		68ADEFC726B7BA08001EAEE0 /* LaunchScreen.storyboard */ = {
			isa = PBXVariantGroup;
			children = (
				68ADEFC826B7BA08001EAEE0 /* Base */,
			);
			name = LaunchScreen.storyboard;
			sourceTree = "<group>";
		};
/* End PBXVariantGroup section */

/* Begin XCBuildConfiguration section */
		68ADEFCD26B7BA08001EAEE0 /* Debug */ = {
			isa = XCBuildConfiguration;
			buildSettings = {
				ALWAYS_SEARCH_USER_PATHS = NO;
				CLANG_ANALYZER_NONNULL = YES;
				CLANG_ANALYZER_NUMBER_OBJECT_CONVERSION = YES_AGGRESSIVE;
				CLANG_CXX_LANGUAGE_STANDARD = "gnu++14";
				CLANG_CXX_LIBRARY = "libc++";
				CLANG_ENABLE_MODULES = YES;
				CLANG_ENABLE_OBJC_ARC = YES;
				CLANG_ENABLE_OBJC_WEAK = YES;
				CLANG_WARN_BLOCK_CAPTURE_AUTORELEASING = YES;
				CLANG_WARN_BOOL_CONVERSION = YES;
				CLANG_WARN_COMMA = YES;
				CLANG_WARN_CONSTANT_CONVERSION = YES;
				CLANG_WARN_DEPRECATED_OBJC_IMPLEMENTATIONS = YES;
				CLANG_WARN_DIRECT_OBJC_ISA_USAGE = YES_ERROR;
				CLANG_WARN_DOCUMENTATION_COMMENTS = YES;
				CLANG_WARN_EMPTY_BODY = YES;
				CLANG_WARN_ENUM_CONVERSION = YES;
				CLANG_WARN_INFINITE_RECURSION = YES;
				CLANG_WARN_INT_CONVERSION = YES;
				CLANG_WARN_NON_LITERAL_NULL_CONVERSION = YES;
				CLANG_WARN_OBJC_IMPLICIT_RETAIN_SELF = YES;
				CLANG_WARN_OBJC_LITERAL_CONVERSION = YES;
				CLANG_WARN_OBJC_ROOT_CLASS = YES_ERROR;
				CLANG_WARN_QUOTED_INCLUDE_IN_FRAMEWORK_HEADER = YES;
				CLANG_WARN_RANGE_LOOP_ANALYSIS = YES;
				CLANG_WARN_STRICT_PROTOTYPES = YES;
				CLANG_WARN_SUSPICIOUS_MOVE = YES;
				CLANG_WARN_UNGUARDED_AVAILABILITY = YES_AGGRESSIVE;
				CLANG_WARN_UNREACHABLE_CODE = YES;
				CLANG_WARN__DUPLICATE_METHOD_MATCH = YES;
				COPY_PHASE_STRIP = NO;
				DEBUG_INFORMATION_FORMAT = dwarf;
				ENABLE_STRICT_OBJC_MSGSEND = YES;
				ENABLE_TESTABILITY = YES;
				GCC_C_LANGUAGE_STANDARD = gnu11;
				GCC_DYNAMIC_NO_PIC = NO;
				GCC_NO_COMMON_BLOCKS = YES;
				GCC_OPTIMIZATION_LEVEL = 0;
				GCC_PREPROCESSOR_DEFINITIONS = (
					"DEBUG=1",
					"$(inherited)",
				);
				GCC_WARN_64_TO_32_BIT_CONVERSION = YES;
				GCC_WARN_ABOUT_RETURN_TYPE = YES_ERROR;
				GCC_WARN_UNDECLARED_SELECTOR = YES;
				GCC_WARN_UNINITIALIZED_AUTOS = YES_AGGRESSIVE;
				GCC_WARN_UNUSED_FUNCTION = YES;
				GCC_WARN_UNUSED_VARIABLE = YES;
				IPHONEOS_DEPLOYMENT_TARGET = 14.5;
				MTL_ENABLE_DEBUG_INFO = INCLUDE_SOURCE;
				MTL_FAST_MATH = YES;
				ONLY_ACTIVE_ARCH = YES;
				SDKROOT = iphoneos;
			};
			name = Debug;
		};
		68ADEFCE26B7BA08001EAEE0 /* Release */ = {
			isa = XCBuildConfiguration;
			buildSettings = {
				ALWAYS_SEARCH_USER_PATHS = NO;
				CLANG_ANALYZER_NONNULL = YES;
				CLANG_ANALYZER_NUMBER_OBJECT_CONVERSION = YES_AGGRESSIVE;
				CLANG_CXX_LANGUAGE_STANDARD = "gnu++14";
				CLANG_CXX_LIBRARY = "libc++";
				CLANG_ENABLE_MODULES = YES;
				CLANG_ENABLE_OBJC_ARC = YES;
				CLANG_ENABLE_OBJC_WEAK = YES;
				CLANG_WARN_BLOCK_CAPTURE_AUTORELEASING = YES;
				CLANG_WARN_BOOL_CONVERSION = YES;
				CLANG_WARN_COMMA = YES;
				CLANG_WARN_CONSTANT_CONVERSION = YES;
				CLANG_WARN_DEPRECATED_OBJC_IMPLEMENTATIONS = YES;
				CLANG_WARN_DIRECT_OBJC_ISA_USAGE = YES_ERROR;
				CLANG_WARN_DOCUMENTATION_COMMENTS = YES;
				CLANG_WARN_EMPTY_BODY = YES;
				CLANG_WARN_ENUM_CONVERSION = YES;
				CLANG_WARN_INFINITE_RECURSION = YES;
				CLANG_WARN_INT_CONVERSION = YES;
				CLANG_WARN_NON_LITERAL_NULL_CONVERSION = YES;
				CLANG_WARN_OBJC_IMPLICIT_RETAIN_SELF = YES;
				CLANG_WARN_OBJC_LITERAL_CONVERSION = YES;
				CLANG_WARN_OBJC_ROOT_CLASS = YES_ERROR;
				CLANG_WARN_QUOTED_INCLUDE_IN_FRAMEWORK_HEADER = YES;
				CLANG_WARN_RANGE_LOOP_ANALYSIS = YES;
				CLANG_WARN_STRICT_PROTOTYPES = YES;
				CLANG_WARN_SUSPICIOUS_MOVE = YES;
				CLANG_WARN_UNGUARDED_AVAILABILITY = YES_AGGRESSIVE;
				CLANG_WARN_UNREACHABLE_CODE = YES;
				CLANG_WARN__DUPLICATE_METHOD_MATCH = YES;
				COPY_PHASE_STRIP = NO;
				DEBUG_INFORMATION_FORMAT = "dwarf-with-dsym";
				ENABLE_NS_ASSERTIONS = NO;
				ENABLE_STRICT_OBJC_MSGSEND = YES;
				GCC_C_LANGUAGE_STANDARD = gnu11;
				GCC_NO_COMMON_BLOCKS = YES;
				GCC_WARN_64_TO_32_BIT_CONVERSION = YES;
				GCC_WARN_ABOUT_RETURN_TYPE = YES_ERROR;
				GCC_WARN_UNDECLARED_SELECTOR = YES;
				GCC_WARN_UNINITIALIZED_AUTOS = YES_AGGRESSIVE;
				GCC_WARN_UNUSED_FUNCTION = YES;
				GCC_WARN_UNUSED_VARIABLE = YES;
				IPHONEOS_DEPLOYMENT_TARGET = 14.5;
				MTL_ENABLE_DEBUG_INFO = NO;
				MTL_FAST_MATH = YES;
				SDKROOT = iphoneos;
				VALIDATE_PRODUCT = YES;
			};
			name = Release;
		};
		68ADEFD026B7BA08001EAEE0 /* Debug */ = {
			isa = XCBuildConfiguration;
			buildSettings = {
				ASSETCATALOG_COMPILER_APPICON_NAME = AppIcon;
				ASSETCATALOG_COMPILER_GLOBAL_ACCENT_COLOR_NAME = AccentColor;
				CODE_SIGN_ENTITLEMENTS = NFC_Obj/NFC_Obj.entitlements;
				CODE_SIGN_STYLE = Automatic;
				DEVELOPMENT_TEAM = W832C4SNYD;
				INFOPLIST_FILE = NFC_Obj/Info.plist;
				LD_RUNPATH_SEARCH_PATHS = (
					"$(inherited)",
					"@executable_path/Frameworks",
				);
				PRODUCT_BUNDLE_IDENTIFIER = "leeyeon2.NFC-Obj";
				PRODUCT_NAME = "$(TARGET_NAME)";
				TARGETED_DEVICE_FAMILY = "1,2";
			};
			name = Debug;
		};
		68ADEFD126B7BA08001EAEE0 /* Release */ = {
			isa = XCBuildConfiguration;
			buildSettings = {
				ASSETCATALOG_COMPILER_APPICON_NAME = AppIcon;
				ASSETCATALOG_COMPILER_GLOBAL_ACCENT_COLOR_NAME = AccentColor;
				CODE_SIGN_ENTITLEMENTS = NFC_Obj/NFC_Obj.entitlements;
				CODE_SIGN_STYLE = Automatic;
				DEVELOPMENT_TEAM = W832C4SNYD;
				INFOPLIST_FILE = NFC_Obj/Info.plist;
				LD_RUNPATH_SEARCH_PATHS = (
					"$(inherited)",
					"@executable_path/Frameworks",
				);
				PRODUCT_BUNDLE_IDENTIFIER = "leeyeon2.NFC-Obj";
				PRODUCT_NAME = "$(TARGET_NAME)";
				TARGETED_DEVICE_FAMILY = "1,2";
			};
			name = Release;
		};
/* End XCBuildConfiguration section */

/* Begin XCConfigurationList section */
		68ADEFB126B7BA05001EAEE0 /* Build configuration list for PBXProject "NFC_Obj" */ = {
			isa = XCConfigurationList;
			buildConfigurations = (
				68ADEFCD26B7BA08001EAEE0 /* Debug */,
				68ADEFCE26B7BA08001EAEE0 /* Release */,
			);
			defaultConfigurationIsVisible = 0;
			defaultConfigurationName = Release;
		};
		68ADEFCF26B7BA08001EAEE0 /* Build configuration list for PBXNativeTarget "NFC_Obj" */ = {
			isa = XCConfigurationList;
			buildConfigurations = (
				68ADEFD026B7BA08001EAEE0 /* Debug */,
				68ADEFD126B7BA08001EAEE0 /* Release */,
			);
			defaultConfigurationIsVisible = 0;
			defaultConfigurationName = Release;
		};
/* End XCConfigurationList section */
	};
	rootObject = 68ADEFAE26B7BA05001EAEE0 /* Project object */;
}
